// !$*UTF8*$!
{
	archiveVersion = 1;
	classes = {
	};
	objectVersion = 48;
	objects = {

/* Begin PBXBuildFile section */
		B1C3DC1F207C9AE200B6F0D4 /* AppDelegate.m in Sources */ = {isa = PBXBuildFile; fileRef = B1C3DC1E207C9AE200B6F0D4 /* AppDelegate.m */; };
		B1C3DC22207C9AE300B6F0D4 /* FirstViewController.m in Sources */ = {isa = PBXBuildFile; fileRef = B1C3DC21207C9AE300B6F0D4 /* FirstViewController.m */; };
		B1C3DC25207C9AE300B6F0D4 /* SecondViewController.m in Sources */ = {isa = PBXBuildFile; fileRef = B1C3DC24207C9AE300B6F0D4 /* SecondViewController.m */; };
		B1C3DC28207C9AE300B6F0D4 /* Main.storyboard in Resources */ = {isa = PBXBuildFile; fileRef = B1C3DC26207C9AE300B6F0D4 /* Main.storyboard */; };
		B1C3DC2A207C9AE300B6F0D4 /* Assets.xcassets in Resources */ = {isa = PBXBuildFile; fileRef = B1C3DC29207C9AE300B6F0D4 /* Assets.xcassets */; };
		B1C3DC2D207C9AE300B6F0D4 /* LaunchScreen.storyboard in Resources */ = {isa = PBXBuildFile; fileRef = B1C3DC2B207C9AE300B6F0D4 /* LaunchScreen.storyboard */; };
		B1C3DC30207C9AE300B6F0D4 /* main.m in Sources */ = {isa = PBXBuildFile; fileRef = B1C3DC2F207C9AE300B6F0D4 /* main.m */; };
/* End PBXBuildFile section */

/* Begin PBXFileReference section */
		B1C3DC1A207C9AE200B6F0D4 /* MyChecks.app */ = {isa = PBXFileReference; explicitFileType = wrapper.application; includeInIndex = 0; path = MyChecks.app; sourceTree = BUILT_PRODUCTS_DIR; };
		B1C3DC1D207C9AE200B6F0D4 /* AppDelegate.h */ = {isa = PBXFileReference; lastKnownFileType = sourcecode.c.h; path = AppDelegate.h; sourceTree = "<group>"; };
		B1C3DC1E207C9AE200B6F0D4 /* AppDelegate.m */ = {isa = PBXFileReference; lastKnownFileType = sourcecode.c.objc; path = AppDelegate.m; sourceTree = "<group>"; };
		B1C3DC20207C9AE300B6F0D4 /* FirstViewController.h */ = {isa = PBXFileReference; lastKnownFileType = sourcecode.c.h; path = FirstViewController.h; sourceTree = "<group>"; };
		B1C3DC21207C9AE300B6F0D4 /* FirstViewController.m */ = {isa = PBXFileReference; lastKnownFileType = sourcecode.c.objc; path = FirstViewController.m; sourceTree = "<group>"; };
		B1C3DC23207C9AE300B6F0D4 /* SecondViewController.h */ = {isa = PBXFileReference; lastKnownFileType = sourcecode.c.h; path = SecondViewController.h; sourceTree = "<group>"; };
		B1C3DC24207C9AE300B6F0D4 /* SecondViewController.m */ = {isa = PBXFileReference; lastKnownFileType = sourcecode.c.objc; path = SecondViewController.m; sourceTree = "<group>"; };
		B1C3DC27207C9AE300B6F0D4 /* Base */ = {isa = PBXFileReference; lastKnownFileType = file.storyboard; name = Base; path = Base.lproj/Main.storyboard; sourceTree = "<group>"; };
		B1C3DC29207C9AE300B6F0D4 /* Assets.xcassets */ = {isa = PBXFileReference; lastKnownFileType = folder.assetcatalog; path = Assets.xcassets; sourceTree = "<group>"; };
		B1C3DC2C207C9AE300B6F0D4 /* Base */ = {isa = PBXFileReference; lastKnownFileType = file.storyboard; name = Base; path = Base.lproj/LaunchScreen.storyboard; sourceTree = "<group>"; };
		B1C3DC2E207C9AE300B6F0D4 /* Info.plist */ = {isa = PBXFileReference; lastKnownFileType = text.plist.xml; path = Info.plist; sourceTree = "<group>"; };
		B1C3DC2F207C9AE300B6F0D4 /* main.m */ = {isa = PBXFileReference; lastKnownFileType = sourcecode.c.objc; path = main.m; sourceTree = "<group>"; };
/* End PBXFileReference section */

/* Begin PBXFrameworksBuildPhase section */
		B1C3DC17207C9AE200B6F0D4 /* Frameworks */ = {
			isa = PBXFrameworksBuildPhase;
			buildActionMask = 2147483647;
			files = (
			);
			runOnlyForDeploymentPostprocessing = 0;
		};
/* End PBXFrameworksBuildPhase section */

/* Begin PBXGroup section */
		B1C3DC11207C9AE200B6F0D4 = {
			isa = PBXGroup;
			children = (
				B1C3DC1C207C9AE200B6F0D4 /* MyChecks */,
				B1C3DC1B207C9AE200B6F0D4 /* Products */,
			);
			sourceTree = "<group>";
		};
		B1C3DC1B207C9AE200B6F0D4 /* Products */ = {
			isa = PBXGroup;
			children = (
				B1C3DC1A207C9AE200B6F0D4 /* MyChecks.app */,
			);
			name = Products;
			sourceTree = "<group>";
		};
		B1C3DC1C207C9AE200B6F0D4 /* MyChecks */ = {
			isa = PBXGroup;
			children = (
				B1C3DC1D207C9AE200B6F0D4 /* AppDelegate.h */,
				B1C3DC1E207C9AE200B6F0D4 /* AppDelegate.m */,
				B1C3DC20207C9AE300B6F0D4 /* FirstViewController.h */,
				B1C3DC21207C9AE300B6F0D4 /* FirstViewController.m */,
				B1C3DC23207C9AE300B6F0D4 /* SecondViewController.h */,
				B1C3DC24207C9AE300B6F0D4 /* SecondViewController.m */,
				B1C3DC26207C9AE300B6F0D4 /* Main.storyboard */,
				B1C3DC29207C9AE300B6F0D4 /* Assets.xcassets */,
				B1C3DC2B207C9AE300B6F0D4 /* LaunchScreen.storyboard */,
				B1C3DC2E207C9AE300B6F0D4 /* Info.plist */,
				B1C3DC2F207C9AE300B6F0D4 /* main.m */,
			);
			path = MyChecks;
			sourceTree = "<group>";
		};
/* End PBXGroup section */

/* Begin PBXNativeTarget section */
		B1C3DC19207C9AE200B6F0D4 /* MyChecks */ = {
			isa = PBXNativeTarget;
			buildConfigurationList = B1C3DC33207C9AE300B6F0D4 /* Build configuration list for PBXNativeTarget "MyChecks" */;
			buildPhases = (
				B1C3DC16207C9AE200B6F0D4 /* Sources */,
				B1C3DC17207C9AE200B6F0D4 /* Frameworks */,
				B1C3DC18207C9AE200B6F0D4 /* Resources */,
			);
			buildRules = (
			);
			dependencies = (
			);
			name = MyChecks;
			productName = MyChecks;
			productReference = B1C3DC1A207C9AE200B6F0D4 /* MyChecks.app */;
			productType = "com.apple.product-type.application";
		};
/* End PBXNativeTarget section */

/* Begin PBXProject section */
		B1C3DC12207C9AE200B6F0D4 /* Project object */ = {
			isa = PBXProject;
			attributes = {
				LastUpgradeCheck = 0920;
				ORGANIZATIONNAME = sample;
				TargetAttributes = {
					B1C3DC19207C9AE200B6F0D4 = {
						CreatedOnToolsVersion = 9.2;
						ProvisioningStyle = Automatic;
					};
				};
			};
			buildConfigurationList = B1C3DC15207C9AE200B6F0D4 /* Build configuration list for PBXProject "MyChecks" */;
			compatibilityVersion = "Xcode 8.0";
			developmentRegion = en;
			hasScannedForEncodings = 0;
			knownRegions = (
				en,
				Base,
			);
			mainGroup = B1C3DC11207C9AE200B6F0D4;
			productRefGroup = B1C3DC1B207C9AE200B6F0D4 /* Products */;
			projectDirPath = "";
			projectRoot = "";
			targets = (
				B1C3DC19207C9AE200B6F0D4 /* MyChecks */,
			);
		};
/* End PBXProject section */

/* Begin PBXResourcesBuildPhase section */
		B1C3DC18207C9AE200B6F0D4 /* Resources */ = {
			isa = PBXResourcesBuildPhase;
			buildActionMask = 2147483647;
			files = (
				B1C3DC2D207C9AE300B6F0D4 /* LaunchScreen.storyboard in Resources */,
				B1C3DC2A207C9AE300B6F0D4 /* Assets.xcassets in Resources */,
				B1C3DC28207C9AE300B6F0D4 /* Main.storyboard in Resources */,
			);
			runOnlyForDeploymentPostprocessing = 0;
		};
/* End PBXResourcesBuildPhase section */

/* Begin PBXSourcesBuildPhase section */
		B1C3DC16207C9AE200B6F0D4 /* Sources */ = {
			isa = PBXSourcesBuildPhase;
			buildActionMask = 2147483647;
			files = (
				B1C3DC25207C9AE300B6F0D4 /* SecondViewController.m in Sources */,
				B1C3DC1F207C9AE200B6F0D4 /* AppDelegate.m in Sources */,
				B1C3DC30207C9AE300B6F0D4 /* main.m in Sources */,
				B1C3DC22207C9AE300B6F0D4 /* FirstViewController.m in Sources */,
			);
			runOnlyForDeploymentPostprocessing = 0;
		};
/* End PBXSourcesBuildPhase section */

/* Begin PBXVariantGroup section */
		B1C3DC26207C9AE300B6F0D4 /* Main.storyboard */ = {
			isa = PBXVariantGroup;
			children = (
				B1C3DC27207C9AE300B6F0D4 /* Base */,
			);
			name = Main.storyboard;
			sourceTree = "<group>";
		};
		B1C3DC2B207C9AE300B6F0D4 /* LaunchScreen.storyboard */ = {
			isa = PBXVariantGroup;
			children = (
				B1C3DC2C207C9AE300B6F0D4 /* Base */,
			);
			name = LaunchScreen.storyboard;
			sourceTree = "<group>";
		};
/* End PBXVariantGroup section */

/* Begin XCBuildConfiguration section */
		B1C3DC31207C9AE300B6F0D4 /* Debug */ = {
			isa = XCBuildConfiguration;
			buildSettings = {
				ALWAYS_SEARCH_USER_PATHS = NO;
				CLANG_ANALYZER_NONNULL = YES;
				CLANG_ANALYZER_NUMBER_OBJECT_CONVERSION = YES_AGGRESSIVE;
				CLANG_CXX_LANGUAGE_STANDARD = "gnu++14";
				CLANG_CXX_LIBRARY = "libc++";
				CLANG_ENABLE_MODULES = YES;
				CLANG_ENABLE_OBJC_ARC = YES;
				CLANG_WARN_BLOCK_CAPTURE_AUTORELEASING = YES;
				CLANG_WARN_BOOL_CONVERSION = YES;
				CLANG_WARN_COMMA = YES;
				CLANG_WARN_CONSTANT_CONVERSION = YES;
				CLANG_WARN_DIRECT_OBJC_ISA_USAGE = YES_ERROR;
				CLANG_WARN_DOCUMENTATION_COMMENTS = YES;
				CLANG_WARN_EMPTY_BODY = YES;
				CLANG_WARN_ENUM_CONVERSION = YES;
				CLANG_WARN_INFINITE_RECURSION = YES;
				CLANG_WARN_INT_CONVERSION = YES;
				CLANG_WARN_NON_LITERAL_NULL_CONVERSION = YES;
				CLANG_WARN_OBJC_LITERAL_CONVERSION = YES;
				CLANG_WARN_OBJC_ROOT_CLASS = YES_ERROR;
				CLANG_WARN_RANGE_LOOP_ANALYSIS = YES;
				CLANG_WARN_STRICT_PROTOTYPES = YES;
				CLANG_WARN_SUSPICIOUS_MOVE = YES;
				CLANG_WARN_UNGUARDED_AVAILABILITY = YES_AGGRESSIVE;
				CLANG_WARN_UNREACHABLE_CODE = YES;
				CLANG_WARN__DUPLICATE_METHOD_MATCH = YES;
				CODE_SIGN_IDENTITY = "iPhone Developer";
				COPY_PHASE_STRIP = NO;
				DEBUG_INFORMATION_FORMAT = dwarf;
				ENABLE_STRICT_OBJC_MSGSEND = YES;
				ENABLE_TESTABILITY = YES;
				GCC_C_LANGUAGE_STANDARD = gnu11;
				GCC_DYNAMIC_NO_PIC = NO;
				GCC_NO_COMMON_BLOCKS = YES;
				GCC_OPTIMIZATION_LEVEL = 0;
				GCC_PREPROCESSOR_DEFINITIONS = (
					"DEBUG=1",
					"$(inherited)",
				);
				GCC_WARN_64_TO_32_BIT_CONVERSION = YES;
				GCC_WARN_ABOUT_RETURN_TYPE = YES_ERROR;
				GCC_WARN_UNDECLARED_SELECTOR = YES;
				GCC_WARN_UNINITIALIZED_AUTOS = YES_AGGRESSIVE;
				GCC_WARN_UNUSED_FUNCTION = YES;
				GCC_WARN_UNUSED_VARIABLE = YES;
				IPHONEOS_DEPLOYMENT_TARGET = 11.2;
				MTL_ENABLE_DEBUG_INFO = YES;
				ONLY_ACTIVE_ARCH = YES;
				SDKROOT = iphoneos;
			};
			name = Debug;
		};
		B1C3DC32207C9AE300B6F0D4 /* Release */ = {
			isa = XCBuildConfiguration;
			buildSettings = {
				ALWAYS_SEARCH_USER_PATHS = NO;
				CLANG_ANALYZER_NONNULL = YES;
				CLANG_ANALYZER_NUMBER_OBJECT_CONVERSION = YES_AGGRESSIVE;
				CLANG_CXX_LANGUAGE_STANDARD = "gnu++14";
				CLANG_CXX_LIBRARY = "libc++";
				CLANG_ENABLE_MODULES = YES;
				CLANG_ENABLE_OBJC_ARC = YES;
				CLANG_WARN_BLOCK_CAPTURE_AUTORELEASING = YES;
				CLANG_WARN_BOOL_CONVERSION = YES;
				CLANG_WARN_COMMA = YES;
				CLANG_WARN_CONSTANT_CONVERSION = YES;
				CLANG_WARN_DIRECT_OBJC_ISA_USAGE = YES_ERROR;
				CLANG_WARN_DOCUMENTATION_COMMENTS = YES;
				CLANG_WARN_EMPTY_BODY = YES;
				CLANG_WARN_ENUM_CONVERSION = YES;
				CLANG_WARN_INFINITE_RECURSION = YES;
				CLANG_WARN_INT_CONVERSION = YES;
				CLANG_WARN_NON_LITERAL_NULL_CONVERSION = YES;
				CLANG_WARN_OBJC_LITERAL_CONVERSION = YES;
				CLANG_WARN_OBJC_ROOT_CLASS = YES_ERROR;
				CLANG_WARN_RANGE_LOOP_ANALYSIS = YES;
				CLANG_WARN_STRICT_PROTOTYPES = YES;
				CLANG_WARN_SUSPICIOUS_MOVE = YES;
				CLANG_WARN_UNGUARDED_AVAILABILITY = YES_AGGRESSIVE;
				CLANG_WARN_UNREACHABLE_CODE = YES;
				CLANG_WARN__DUPLICATE_METHOD_MATCH = YES;
				CODE_SIGN_IDENTITY = "iPhone Developer";
				COPY_PHASE_STRIP = NO;
				DEBUG_INFORMATION_FORMAT = "dwarf-with-dsym";
				ENABLE_NS_ASSERTIONS = NO;
				ENABLE_STRICT_OBJC_MSGSEND = YES;
				GCC_C_LANGUAGE_STANDARD = gnu11;
				GCC_NO_COMMON_BLOCKS = YES;
				GCC_WARN_64_TO_32_BIT_CONVERSION = YES;
				GCC_WARN_ABOUT_RETURN_TYPE = YES_ERROR;
				GCC_WARN_UNDECLARED_SELECTOR = YES;
				GCC_WARN_UNINITIALIZED_AUTOS = YES_AGGRESSIVE;
				GCC_WARN_UNUSED_FUNCTION = YES;
				GCC_WARN_UNUSED_VARIABLE = YES;
				IPHONEOS_DEPLOYMENT_TARGET = 11.2;
				MTL_ENABLE_DEBUG_INFO = NO;
				SDKROOT = iphoneos;
				VALIDATE_PRODUCT = YES;
			};
			name = Release;
		};
		B1C3DC34207C9AE300B6F0D4 /* Debug */ = {
			isa = XCBuildConfiguration;
			buildSettings = {
				ASSETCATALOG_COMPILER_APPICON_NAME = AppIcon;
				CODE_SIGN_STYLE = Automatic;
				INFOPLIST_FILE = MyChecks/Info.plist;
				LD_RUNPATH_SEARCH_PATHS = "$(inherited) @executable_path/Frameworks";
				PRODUCT_BUNDLE_IDENTIFIER = com.vijay.MyChecks;
				PRODUCT_NAME = "$(TARGET_NAME)";
				TARGETED_DEVICE_FAMILY = "1,2";
			};
			name = Debug;
		};
		B1C3DC35207C9AE300B6F0D4 /* Release */ = {
			isa = XCBuildConfiguration;
			buildSettings = {
				ASSETCATALOG_COMPILER_APPICON_NAME = AppIcon;
				CODE_SIGN_STYLE = Automatic;
				INFOPLIST_FILE = MyChecks/Info.plist;
				LD_RUNPATH_SEARCH_PATHS = "$(inherited) @executable_path/Frameworks";
				PRODUCT_BUNDLE_IDENTIFIER = com.vijay.MyChecks;
				PRODUCT_NAME = "$(TARGET_NAME)";
				TARGETED_DEVICE_FAMILY = "1,2";
			};
			name = Release;
		};
/* End XCBuildConfiguration section */

/* Begin XCConfigurationList section */
		B1C3DC15207C9AE200B6F0D4 /* Build configuration list for PBXProject "MyChecks" */ = {
			isa = XCConfigurationList;
			buildConfigurations = (
				B1C3DC31207C9AE300B6F0D4 /* Debug */,
				B1C3DC32207C9AE300B6F0D4 /* Release */,
			);
			defaultConfigurationIsVisible = 0;
			defaultConfigurationName = Release;
		};
		B1C3DC33207C9AE300B6F0D4 /* Build configuration list for PBXNativeTarget "MyChecks" */ = {
			isa = XCConfigurationList;
			buildConfigurations = (
				B1C3DC34207C9AE300B6F0D4 /* Debug */,
				B1C3DC35207C9AE300B6F0D4 /* Release */,
			);
			defaultConfigurationIsVisible = 0;
			defaultConfigurationName = Release;
		};
/* End XCConfigurationList section */
	};
	rootObject = B1C3DC12207C9AE200B6F0D4 /* Project object */;
}
